// !$*UTF8*$!
{
	archiveVersion = 1;
	classes = {
	};
	objectVersion = 50;
	objects = {

/* Begin PBXBuildFile section */
		423501D724BCFA68004A8086 /* AppDelegate.swift in Sources */ = {isa = PBXBuildFile; fileRef = 423501D624BCFA68004A8086 /* AppDelegate.swift */; };
		423501D924BCFA68004A8086 /* SceneDelegate.swift in Sources */ = {isa = PBXBuildFile; fileRef = 423501D824BCFA68004A8086 /* SceneDelegate.swift */; };
		423501DC24BCFA68004A8086 /* Lesson2.xcdatamodeld in Sources */ = {isa = PBXBuildFile; fileRef = 423501DA24BCFA68004A8086 /* Lesson2.xcdatamodeld */; };
		423501DE24BCFA68004A8086 /* ContentView.swift in Sources */ = {isa = PBXBuildFile; fileRef = 423501DD24BCFA68004A8086 /* ContentView.swift */; };
		423501E024BCFA69004A8086 /* Assets.xcassets in Resources */ = {isa = PBXBuildFile; fileRef = 423501DF24BCFA69004A8086 /* Assets.xcassets */; };
		423501E324BCFA69004A8086 /* Preview Assets.xcassets in Resources */ = {isa = PBXBuildFile; fileRef = 423501E224BCFA69004A8086 /* Preview Assets.xcassets */; };
		423501E624BCFA69004A8086 /* LaunchScreen.storyboard in Resources */ = {isa = PBXBuildFile; fileRef = 423501E424BCFA69004A8086 /* LaunchScreen.storyboard */; };
		423501F124BCFA69004A8086 /* Lesson2Tests.swift in Sources */ = {isa = PBXBuildFile; fileRef = 423501F024BCFA69004A8086 /* Lesson2Tests.swift */; };
		423501FC24BCFA69004A8086 /* Lesson2UITests.swift in Sources */ = {isa = PBXBuildFile; fileRef = 423501FB24BCFA69004A8086 /* Lesson2UITests.swift */; };
/* End PBXBuildFile section */

/* Begin PBXContainerItemProxy section */
		423501ED24BCFA69004A8086 /* PBXContainerItemProxy */ = {
			isa = PBXContainerItemProxy;
			containerPortal = 423501CB24BCFA68004A8086 /* Project object */;
			proxyType = 1;
			remoteGlobalIDString = 423501D224BCFA68004A8086;
			remoteInfo = Lesson2;
		};
		423501F824BCFA69004A8086 /* PBXContainerItemProxy */ = {
			isa = PBXContainerItemProxy;
			containerPortal = 423501CB24BCFA68004A8086 /* Project object */;
			proxyType = 1;
			remoteGlobalIDString = 423501D224BCFA68004A8086;
			remoteInfo = Lesson2;
		};
/* End PBXContainerItemProxy section */

/* Begin PBXFileReference section */
		423501D324BCFA68004A8086 /* Lesson2.app */ = {isa = PBXFileReference; explicitFileType = wrapper.application; includeInIndex = 0; path = Lesson2.app; sourceTree = BUILT_PRODUCTS_DIR; };
		423501D624BCFA68004A8086 /* AppDelegate.swift */ = {isa = PBXFileReference; lastKnownFileType = sourcecode.swift; path = AppDelegate.swift; sourceTree = "<group>"; };
		423501D824BCFA68004A8086 /* SceneDelegate.swift */ = {isa = PBXFileReference; lastKnownFileType = sourcecode.swift; path = SceneDelegate.swift; sourceTree = "<group>"; };
		423501DB24BCFA68004A8086 /* Lesson2.xcdatamodel */ = {isa = PBXFileReference; lastKnownFileType = wrapper.xcdatamodel; path = Lesson2.xcdatamodel; sourceTree = "<group>"; };
		423501DD24BCFA68004A8086 /* ContentView.swift */ = {isa = PBXFileReference; lastKnownFileType = sourcecode.swift; path = ContentView.swift; sourceTree = "<group>"; };
		423501DF24BCFA69004A8086 /* Assets.xcassets */ = {isa = PBXFileReference; lastKnownFileType = folder.assetcatalog; path = Assets.xcassets; sourceTree = "<group>"; };
		423501E224BCFA69004A8086 /* Preview Assets.xcassets */ = {isa = PBXFileReference; lastKnownFileType = folder.assetcatalog; path = "Preview Assets.xcassets"; sourceTree = "<group>"; };
		423501E524BCFA69004A8086 /* Base */ = {isa = PBXFileReference; lastKnownFileType = file.storyboard; name = Base; path = Base.lproj/LaunchScreen.storyboard; sourceTree = "<group>"; };
		423501E724BCFA69004A8086 /* Info.plist */ = {isa = PBXFileReference; lastKnownFileType = text.plist.xml; path = Info.plist; sourceTree = "<group>"; };
		423501EC24BCFA69004A8086 /* Lesson2Tests.xctest */ = {isa = PBXFileReference; explicitFileType = wrapper.cfbundle; includeInIndex = 0; path = Lesson2Tests.xctest; sourceTree = BUILT_PRODUCTS_DIR; };
		423501F024BCFA69004A8086 /* Lesson2Tests.swift */ = {isa = PBXFileReference; lastKnownFileType = sourcecode.swift; path = Lesson2Tests.swift; sourceTree = "<group>"; };
		423501F224BCFA69004A8086 /* Info.plist */ = {isa = PBXFileReference; lastKnownFileType = text.plist.xml; path = Info.plist; sourceTree = "<group>"; };
		423501F724BCFA69004A8086 /* Lesson2UITests.xctest */ = {isa = PBXFileReference; explicitFileType = wrapper.cfbundle; includeInIndex = 0; path = Lesson2UITests.xctest; sourceTree = BUILT_PRODUCTS_DIR; };
		423501FB24BCFA69004A8086 /* Lesson2UITests.swift */ = {isa = PBXFileReference; lastKnownFileType = sourcecode.swift; path = Lesson2UITests.swift; sourceTree = "<group>"; };
		423501FD24BCFA69004A8086 /* Info.plist */ = {isa = PBXFileReference; lastKnownFileType = text.plist.xml; path = Info.plist; sourceTree = "<group>"; };
/* End PBXFileReference section */

/* Begin PBXFrameworksBuildPhase section */
		423501D024BCFA68004A8086 /* Frameworks */ = {
			isa = PBXFrameworksBuildPhase;
			buildActionMask = 2147483647;
			files = (
			);
			runOnlyForDeploymentPostprocessing = 0;
		};
		423501E924BCFA69004A8086 /* Frameworks */ = {
			isa = PBXFrameworksBuildPhase;
			buildActionMask = 2147483647;
			files = (
			);
			runOnlyForDeploymentPostprocessing = 0;
		};
		423501F424BCFA69004A8086 /* Frameworks */ = {
			isa = PBXFrameworksBuildPhase;
			buildActionMask = 2147483647;
			files = (
			);
			runOnlyForDeploymentPostprocessing = 0;
		};
/* End PBXFrameworksBuildPhase section */

/* Begin PBXGroup section */
		423501CA24BCFA68004A8086 = {
			isa = PBXGroup;
			children = (
				423501D524BCFA68004A8086 /* Lesson2 */,
				423501EF24BCFA69004A8086 /* Lesson2Tests */,
				423501FA24BCFA69004A8086 /* Lesson2UITests */,
				423501D424BCFA68004A8086 /* Products */,
			);
			sourceTree = "<group>";
		};
		423501D424BCFA68004A8086 /* Products */ = {
			isa = PBXGroup;
			children = (
				423501D324BCFA68004A8086 /* Lesson2.app */,
				423501EC24BCFA69004A8086 /* Lesson2Tests.xctest */,
				423501F724BCFA69004A8086 /* Lesson2UITests.xctest */,
			);
			name = Products;
			sourceTree = "<group>";
		};
		423501D524BCFA68004A8086 /* Lesson2 */ = {
			isa = PBXGroup;
			children = (
				423501D624BCFA68004A8086 /* AppDelegate.swift */,
				423501D824BCFA68004A8086 /* SceneDelegate.swift */,
				423501DD24BCFA68004A8086 /* ContentView.swift */,
				423501DF24BCFA69004A8086 /* Assets.xcassets */,
				423501E424BCFA69004A8086 /* LaunchScreen.storyboard */,
				423501E724BCFA69004A8086 /* Info.plist */,
				423501DA24BCFA68004A8086 /* Lesson2.xcdatamodeld */,
				423501E124BCFA69004A8086 /* Preview Content */,
			);
			path = Lesson2;
			sourceTree = "<group>";
		};
		423501E124BCFA69004A8086 /* Preview Content */ = {
			isa = PBXGroup;
			children = (
				423501E224BCFA69004A8086 /* Preview Assets.xcassets */,
			);
			path = "Preview Content";
			sourceTree = "<group>";
		};
		423501EF24BCFA69004A8086 /* Lesson2Tests */ = {
			isa = PBXGroup;
			children = (
				423501F024BCFA69004A8086 /* Lesson2Tests.swift */,
				423501F224BCFA69004A8086 /* Info.plist */,
			);
			path = Lesson2Tests;
			sourceTree = "<group>";
		};
		423501FA24BCFA69004A8086 /* Lesson2UITests */ = {
			isa = PBXGroup;
			children = (
				423501FB24BCFA69004A8086 /* Lesson2UITests.swift */,
				423501FD24BCFA69004A8086 /* Info.plist */,
			);
			path = Lesson2UITests;
			sourceTree = "<group>";
		};
/* End PBXGroup section */

/* Begin PBXNativeTarget section */
		423501D224BCFA68004A8086 /* Lesson2 */ = {
			isa = PBXNativeTarget;
			buildConfigurationList = 4235020024BCFA69004A8086 /* Build configuration list for PBXNativeTarget "Lesson2" */;
			buildPhases = (
				423501CF24BCFA68004A8086 /* Sources */,
				423501D024BCFA68004A8086 /* Frameworks */,
				423501D124BCFA68004A8086 /* Resources */,
			);
			buildRules = (
			);
			dependencies = (
			);
			name = Lesson2;
			productName = Lesson2;
			productReference = 423501D324BCFA68004A8086 /* Lesson2.app */;
			productType = "com.apple.product-type.application";
		};
		423501EB24BCFA69004A8086 /* Lesson2Tests */ = {
			isa = PBXNativeTarget;
			buildConfigurationList = 4235020324BCFA69004A8086 /* Build configuration list for PBXNativeTarget "Lesson2Tests" */;
			buildPhases = (
				423501E824BCFA69004A8086 /* Sources */,
				423501E924BCFA69004A8086 /* Frameworks */,
				423501EA24BCFA69004A8086 /* Resources */,
			);
			buildRules = (
			);
			dependencies = (
				423501EE24BCFA69004A8086 /* PBXTargetDependency */,
			);
			name = Lesson2Tests;
			productName = Lesson2Tests;
			productReference = 423501EC24BCFA69004A8086 /* Lesson2Tests.xctest */;
			productType = "com.apple.product-type.bundle.unit-test";
		};
		423501F624BCFA69004A8086 /* Lesson2UITests */ = {
			isa = PBXNativeTarget;
			buildConfigurationList = 4235020624BCFA69004A8086 /* Build configuration list for PBXNativeTarget "Lesson2UITests" */;
			buildPhases = (
				423501F324BCFA69004A8086 /* Sources */,
				423501F424BCFA69004A8086 /* Frameworks */,
				423501F524BCFA69004A8086 /* Resources */,
			);
			buildRules = (
			);
			dependencies = (
				423501F924BCFA69004A8086 /* PBXTargetDependency */,
			);
			name = Lesson2UITests;
			productName = Lesson2UITests;
			productReference = 423501F724BCFA69004A8086 /* Lesson2UITests.xctest */;
			productType = "com.apple.product-type.bundle.ui-testing";
		};
/* End PBXNativeTarget section */

/* Begin PBXProject section */
		423501CB24BCFA68004A8086 /* Project object */ = {
			isa = PBXProject;
			attributes = {
				LastSwiftUpdateCheck = 1150;
				LastUpgradeCheck = 1150;
				ORGANIZATIONNAME = CC;
				TargetAttributes = {
					423501D224BCFA68004A8086 = {
						CreatedOnToolsVersion = 11.5;
					};
					423501EB24BCFA69004A8086 = {
						CreatedOnToolsVersion = 11.5;
						TestTargetID = 423501D224BCFA68004A8086;
					};
					423501F624BCFA69004A8086 = {
						CreatedOnToolsVersion = 11.5;
						TestTargetID = 423501D224BCFA68004A8086;
					};
				};
			};
			buildConfigurationList = 423501CE24BCFA68004A8086 /* Build configuration list for PBXProject "Lesson2" */;
			compatibilityVersion = "Xcode 9.3";
			developmentRegion = en;
			hasScannedForEncodings = 0;
			knownRegions = (
				en,
				Base,
			);
			mainGroup = 423501CA24BCFA68004A8086;
			productRefGroup = 423501D424BCFA68004A8086 /* Products */;
			projectDirPath = "";
			projectRoot = "";
			targets = (
				423501D224BCFA68004A8086 /* Lesson2 */,
				423501EB24BCFA69004A8086 /* Lesson2Tests */,
				423501F624BCFA69004A8086 /* Lesson2UITests */,
			);
		};
/* End PBXProject section */

/* Begin PBXResourcesBuildPhase section */
		423501D124BCFA68004A8086 /* Resources */ = {
			isa = PBXResourcesBuildPhase;
			buildActionMask = 2147483647;
			files = (
				423501E624BCFA69004A8086 /* LaunchScreen.storyboard in Resources */,
				423501E324BCFA69004A8086 /* Preview Assets.xcassets in Resources */,
				423501E024BCFA69004A8086 /* Assets.xcassets in Resources */,
			);
			runOnlyForDeploymentPostprocessing = 0;
		};
		423501EA24BCFA69004A8086 /* Resources */ = {
			isa = PBXResourcesBuildPhase;
			buildActionMask = 2147483647;
			files = (
			);
			runOnlyForDeploymentPostprocessing = 0;
		};
		423501F524BCFA69004A8086 /* Resources */ = {
			isa = PBXResourcesBuildPhase;
			buildActionMask = 2147483647;
			files = (
			);
			runOnlyForDeploymentPostprocessing = 0;
		};
/* End PBXResourcesBuildPhase section */

/* Begin PBXSourcesBuildPhase section */
		423501CF24BCFA68004A8086 /* Sources */ = {
			isa = PBXSourcesBuildPhase;
			buildActionMask = 2147483647;
			files = (
				423501D724BCFA68004A8086 /* AppDelegate.swift in Sources */,
				423501DC24BCFA68004A8086 /* Lesson2.xcdatamodeld in Sources */,
				423501DE24BCFA68004A8086 /* ContentView.swift in Sources */,
				423501D924BCFA68004A8086 /* SceneDelegate.swift in Sources */,
			);
			runOnlyForDeploymentPostprocessing = 0;
		};
		423501E824BCFA69004A8086 /* Sources */ = {
			isa = PBXSourcesBuildPhase;
			buildActionMask = 2147483647;
			files = (
				423501F124BCFA69004A8086 /* Lesson2Tests.swift in Sources */,
			);
			runOnlyForDeploymentPostprocessing = 0;
		};
		423501F324BCFA69004A8086 /* Sources */ = {
			isa = PBXSourcesBuildPhase;
			buildActionMask = 2147483647;
			files = (
				423501FC24BCFA69004A8086 /* Lesson2UITests.swift in Sources */,
			);
			runOnlyForDeploymentPostprocessing = 0;
		};
/* End PBXSourcesBuildPhase section */

/* Begin PBXTargetDependency section */
		423501EE24BCFA69004A8086 /* PBXTargetDependency */ = {
			isa = PBXTargetDependency;
			target = 423501D224BCFA68004A8086 /* Lesson2 */;
			targetProxy = 423501ED24BCFA69004A8086 /* PBXContainerItemProxy */;
		};
		423501F924BCFA69004A8086 /* PBXTargetDependency */ = {
			isa = PBXTargetDependency;
			target = 423501D224BCFA68004A8086 /* Lesson2 */;
			targetProxy = 423501F824BCFA69004A8086 /* PBXContainerItemProxy */;
		};
/* End PBXTargetDependency section */

/* Begin PBXVariantGroup section */
		423501E424BCFA69004A8086 /* LaunchScreen.storyboard */ = {
			isa = PBXVariantGroup;
			children = (
				423501E524BCFA69004A8086 /* Base */,
			);
			name = LaunchScreen.storyboard;
			sourceTree = "<group>";
		};
/* End PBXVariantGroup section */

/* Begin XCBuildConfiguration section */
		423501FE24BCFA69004A8086 /* Debug */ = {
			isa = XCBuildConfiguration;
			buildSettings = {
				ALWAYS_SEARCH_USER_PATHS = NO;
				CLANG_ANALYZER_NONNULL = YES;
				CLANG_ANALYZER_NUMBER_OBJECT_CONVERSION = YES_AGGRESSIVE;
				CLANG_CXX_LANGUAGE_STANDARD = "gnu++14";
				CLANG_CXX_LIBRARY = "libc++";
				CLANG_ENABLE_MODULES = YES;
				CLANG_ENABLE_OBJC_ARC = YES;
				CLANG_ENABLE_OBJC_WEAK = YES;
				CLANG_WARN_BLOCK_CAPTURE_AUTORELEASING = YES;
				CLANG_WARN_BOOL_CONVERSION = YES;
				CLANG_WARN_COMMA = YES;
				CLANG_WARN_CONSTANT_CONVERSION = YES;
				CLANG_WARN_DEPRECATED_OBJC_IMPLEMENTATIONS = YES;
				CLANG_WARN_DIRECT_OBJC_ISA_USAGE = YES_ERROR;
				CLANG_WARN_DOCUMENTATION_COMMENTS = YES;
				CLANG_WARN_EMPTY_BODY = YES;
				CLANG_WARN_ENUM_CONVERSION = YES;
				CLANG_WARN_INFINITE_RECURSION = YES;
				CLANG_WARN_INT_CONVERSION = YES;
				CLANG_WARN_NON_LITERAL_NULL_CONVERSION = YES;
				CLANG_WARN_OBJC_IMPLICIT_RETAIN_SELF = YES;
				CLANG_WARN_OBJC_LITERAL_CONVERSION = YES;
				CLANG_WARN_OBJC_ROOT_CLASS = YES_ERROR;
				CLANG_WARN_RANGE_LOOP_ANALYSIS = YES;
				CLANG_WARN_STRICT_PROTOTYPES = YES;
				CLANG_WARN_SUSPICIOUS_MOVE = YES;
				CLANG_WARN_UNGUARDED_AVAILABILITY = YES_AGGRESSIVE;
				CLANG_WARN_UNREACHABLE_CODE = YES;
				CLANG_WARN__DUPLICATE_METHOD_MATCH = YES;
				COPY_PHASE_STRIP = NO;
				DEBUG_INFORMATION_FORMAT = dwarf;
				ENABLE_STRICT_OBJC_MSGSEND = YES;
				ENABLE_TESTABILITY = YES;
				GCC_C_LANGUAGE_STANDARD = gnu11;
				GCC_DYNAMIC_NO_PIC = NO;
				GCC_NO_COMMON_BLOCKS = YES;
				GCC_OPTIMIZATION_LEVEL = 0;
				GCC_PREPROCESSOR_DEFINITIONS = (
					"DEBUG=1",
					"$(inherited)",
				);
				GCC_WARN_64_TO_32_BIT_CONVERSION = YES;
				GCC_WARN_ABOUT_RETURN_TYPE = YES_ERROR;
				GCC_WARN_UNDECLARED_SELECTOR = YES;
				GCC_WARN_UNINITIALIZED_AUTOS = YES_AGGRESSIVE;
				GCC_WARN_UNUSED_FUNCTION = YES;
				GCC_WARN_UNUSED_VARIABLE = YES;
				IPHONEOS_DEPLOYMENT_TARGET = 13.5;
				MTL_ENABLE_DEBUG_INFO = INCLUDE_SOURCE;
				MTL_FAST_MATH = YES;
				ONLY_ACTIVE_ARCH = YES;
				SDKROOT = iphoneos;
				SWIFT_ACTIVE_COMPILATION_CONDITIONS = DEBUG;
				SWIFT_OPTIMIZATION_LEVEL = "-Onone";
			};
			name = Debug;
		};
		423501FF24BCFA69004A8086 /* Release */ = {
			isa = XCBuildConfiguration;
			buildSettings = {
				ALWAYS_SEARCH_USER_PATHS = NO;
				CLANG_ANALYZER_NONNULL = YES;
				CLANG_ANALYZER_NUMBER_OBJECT_CONVERSION = YES_AGGRESSIVE;
				CLANG_CXX_LANGUAGE_STANDARD = "gnu++14";
				CLANG_CXX_LIBRARY = "libc++";
				CLANG_ENABLE_MODULES = YES;
				CLANG_ENABLE_OBJC_ARC = YES;
				CLANG_ENABLE_OBJC_WEAK = YES;
				CLANG_WARN_BLOCK_CAPTURE_AUTORELEASING = YES;
				CLANG_WARN_BOOL_CONVERSION = YES;
				CLANG_WARN_COMMA = YES;
				CLANG_WARN_CONSTANT_CONVERSION = YES;
				CLANG_WARN_DEPRECATED_OBJC_IMPLEMENTATIONS = YES;
				CLANG_WARN_DIRECT_OBJC_ISA_USAGE = YES_ERROR;
				CLANG_WARN_DOCUMENTATION_COMMENTS = YES;
				CLANG_WARN_EMPTY_BODY = YES;
				CLANG_WARN_ENUM_CONVERSION = YES;
				CLANG_WARN_INFINITE_RECURSION = YES;
				CLANG_WARN_INT_CONVERSION = YES;
				CLANG_WARN_NON_LITERAL_NULL_CONVERSION = YES;
				CLANG_WARN_OBJC_IMPLICIT_RETAIN_SELF = YES;
				CLANG_WARN_OBJC_LITERAL_CONVERSION = YES;
				CLANG_WARN_OBJC_ROOT_CLASS = YES_ERROR;
				CLANG_WARN_RANGE_LOOP_ANALYSIS = YES;
				CLANG_WARN_STRICT_PROTOTYPES = YES;
				CLANG_WARN_SUSPICIOUS_MOVE = YES;
				CLANG_WARN_UNGUARDED_AVAILABILITY = YES_AGGRESSIVE;
				CLANG_WARN_UNREACHABLE_CODE = YES;
				CLANG_WARN__DUPLICATE_METHOD_MATCH = YES;
				COPY_PHASE_STRIP = NO;
				DEBUG_INFORMATION_FORMAT = "dwarf-with-dsym";
				ENABLE_NS_ASSERTIONS = NO;
				ENABLE_STRICT_OBJC_MSGSEND = YES;
				GCC_C_LANGUAGE_STANDARD = gnu11;
				GCC_NO_COMMON_BLOCKS = YES;
				GCC_WARN_64_TO_32_BIT_CONVERSION = YES;
				GCC_WARN_ABOUT_RETURN_TYPE = YES_ERROR;
				GCC_WARN_UNDECLARED_SELECTOR = YES;
				GCC_WARN_UNINITIALIZED_AUTOS = YES_AGGRESSIVE;
				GCC_WARN_UNUSED_FUNCTION = YES;
				GCC_WARN_UNUSED_VARIABLE = YES;
				IPHONEOS_DEPLOYMENT_TARGET = 13.5;
				MTL_ENABLE_DEBUG_INFO = NO;
				MTL_FAST_MATH = YES;
				SDKROOT = iphoneos;
				SWIFT_COMPILATION_MODE = wholemodule;
				SWIFT_OPTIMIZATION_LEVEL = "-O";
				VALIDATE_PRODUCT = YES;
			};
			name = Release;
		};
		4235020124BCFA69004A8086 /* Debug */ = {
			isa = XCBuildConfiguration;
			buildSettings = {
				ASSETCATALOG_COMPILER_APPICON_NAME = AppIcon;
				CODE_SIGN_STYLE = Automatic;
				DEVELOPMENT_ASSET_PATHS = "\"Lesson2/Preview Content\"";
				DEVELOPMENT_TEAM = 4TTK2KUMFQ;
				ENABLE_PREVIEWS = YES;
				INFOPLIST_FILE = Lesson2/Info.plist;
				LD_RUNPATH_SEARCH_PATHS = (
					"$(inherited)",
					"@executable_path/Frameworks",
				);
				PRODUCT_BUNDLE_IDENTIFIER = cc.Lesson2;
				PRODUCT_NAME = "$(TARGET_NAME)";
				SWIFT_VERSION = 5.0;
				TARGETED_DEVICE_FAMILY = "1,2";
			};
			name = Debug;
		};
		4235020224BCFA69004A8086 /* Release */ = {
			isa = XCBuildConfiguration;
			buildSettings = {
				ASSETCATALOG_COMPILER_APPICON_NAME = AppIcon;
				CODE_SIGN_STYLE = Automatic;
				DEVELOPMENT_ASSET_PATHS = "\"Lesson2/Preview Content\"";
				DEVELOPMENT_TEAM = 4TTK2KUMFQ;
				ENABLE_PREVIEWS = YES;
				INFOPLIST_FILE = Lesson2/Info.plist;
				LD_RUNPATH_SEARCH_PATHS = (
					"$(inherited)",
					"@executable_path/Frameworks",
				);
				PRODUCT_BUNDLE_IDENTIFIER = cc.Lesson2;
				PRODUCT_NAME = "$(TARGET_NAME)";
				SWIFT_VERSION = 5.0;
				TARGETED_DEVICE_FAMILY = "1,2";
			};
			name = Release;
		};
		4235020424BCFA69004A8086 /* Debug */ = {
			isa = XCBuildConfiguration;
			buildSettings = {
				ALWAYS_EMBED_SWIFT_STANDARD_LIBRARIES = YES;
				BUNDLE_LOADER = "$(TEST_HOST)";
				CODE_SIGN_STYLE = Automatic;
				DEVELOPMENT_TEAM = 4TTK2KUMFQ;
				INFOPLIST_FILE = Lesson2Tests/Info.plist;
				IPHONEOS_DEPLOYMENT_TARGET = 13.5;
				LD_RUNPATH_SEARCH_PATHS = (
					"$(inherited)",
					"@executable_path/Frameworks",
					"@loader_path/Frameworks",
				);
				PRODUCT_BUNDLE_IDENTIFIER = cc.Lesson2Tests;
				PRODUCT_NAME = "$(TARGET_NAME)";
				SWIFT_VERSION = 5.0;
				TARGETED_DEVICE_FAMILY = "1,2";
				TEST_HOST = "$(BUILT_PRODUCTS_DIR)/Lesson2.app/Lesson2";
			};
			name = Debug;
		};
		4235020524BCFA69004A8086 /* Release */ = {
			isa = XCBuildConfiguration;
			buildSettings = {
				ALWAYS_EMBED_SWIFT_STANDARD_LIBRARIES = YES;
				BUNDLE_LOADER = "$(TEST_HOST)";
				CODE_SIGN_STYLE = Automatic;
				DEVELOPMENT_TEAM = 4TTK2KUMFQ;
				INFOPLIST_FILE = Lesson2Tests/Info.plist;
				IPHONEOS_DEPLOYMENT_TARGET = 13.5;
				LD_RUNPATH_SEARCH_PATHS = (
					"$(inherited)",
					"@executable_path/Frameworks",
					"@loader_path/Frameworks",
				);
				PRODUCT_BUNDLE_IDENTIFIER = cc.Lesson2Tests;
				PRODUCT_NAME = "$(TARGET_NAME)";
				SWIFT_VERSION = 5.0;
				TARGETED_DEVICE_FAMILY = "1,2";
				TEST_HOST = "$(BUILT_PRODUCTS_DIR)/Lesson2.app/Lesson2";
			};
			name = Release;
		};
		4235020724BCFA69004A8086 /* Debug */ = {
			isa = XCBuildConfiguration;
			buildSettings = {
				ALWAYS_EMBED_SWIFT_STANDARD_LIBRARIES = YES;
				CODE_SIGN_STYLE = Automatic;
				DEVELOPMENT_TEAM = 4TTK2KUMFQ;
				INFOPLIST_FILE = Lesson2UITests/Info.plist;
				LD_RUNPATH_SEARCH_PATHS = (
					"$(inherited)",
					"@executable_path/Frameworks",
					"@loader_path/Frameworks",
				);
				PRODUCT_BUNDLE_IDENTIFIER = cc.Lesson2UITests;
				PRODUCT_NAME = "$(TARGET_NAME)";
				SWIFT_VERSION = 5.0;
				TARGETED_DEVICE_FAMILY = "1,2";
				TEST_TARGET_NAME = Lesson2;
			};
			name = Debug;
		};
		4235020824BCFA69004A8086 /* Release */ = {
			isa = XCBuildConfiguration;
			buildSettings = {
				ALWAYS_EMBED_SWIFT_STANDARD_LIBRARIES = YES;
				CODE_SIGN_STYLE = Automatic;
				DEVELOPMENT_TEAM = 4TTK2KUMFQ;
				INFOPLIST_FILE = Lesson2UITests/Info.plist;
				LD_RUNPATH_SEARCH_PATHS = (
					"$(inherited)",
					"@executable_path/Frameworks",
					"@loader_path/Frameworks",
				);
				PRODUCT_BUNDLE_IDENTIFIER = cc.Lesson2UITests;
				PRODUCT_NAME = "$(TARGET_NAME)";
				SWIFT_VERSION = 5.0;
				TARGETED_DEVICE_FAMILY = "1,2";
				TEST_TARGET_NAME = Lesson2;
			};
			name = Release;
		};
/* End XCBuildConfiguration section */

/* Begin XCConfigurationList section */
		423501CE24BCFA68004A8086 /* Build configuration list for PBXProject "Lesson2" */ = {
			isa = XCConfigurationList;
			buildConfigurations = (
				423501FE24BCFA69004A8086 /* Debug */,
				423501FF24BCFA69004A8086 /* Release */,
			);
			defaultConfigurationIsVisible = 0;
			defaultConfigurationName = Release;
		};
		4235020024BCFA69004A8086 /* Build configuration list for PBXNativeTarget "Lesson2" */ = {
			isa = XCConfigurationList;
			buildConfigurations = (
				4235020124BCFA69004A8086 /* Debug */,
				4235020224BCFA69004A8086 /* Release */,
			);
			defaultConfigurationIsVisible = 0;
			defaultConfigurationName = Release;
		};
		4235020324BCFA69004A8086 /* Build configuration list for PBXNativeTarget "Lesson2Tests" */ = {
			isa = XCConfigurationList;
			buildConfigurations = (
				4235020424BCFA69004A8086 /* Debug */,
				4235020524BCFA69004A8086 /* Release */,
			);
			defaultConfigurationIsVisible = 0;
			defaultConfigurationName = Release;
		};
		4235020624BCFA69004A8086 /* Build configuration list for PBXNativeTarget "Lesson2UITests" */ = {
			isa = XCConfigurationList;
			buildConfigurations = (
				4235020724BCFA69004A8086 /* Debug */,
				4235020824BCFA69004A8086 /* Release */,
			);
			defaultConfigurationIsVisible = 0;
			defaultConfigurationName = Release;
		};
/* End XCConfigurationList section */

/* Begin XCVersionGroup section */
		423501DA24BCFA68004A8086 /* Lesson2.xcdatamodeld */ = {
			isa = XCVersionGroup;
			children = (
				423501DB24BCFA68004A8086 /* Lesson2.xcdatamodel */,
			);
			currentVersion = 423501DB24BCFA68004A8086 /* Lesson2.xcdatamodel */;
			path = Lesson2.xcdatamodeld;
			sourceTree = "<group>";
			versionGroupType = wrapper.xcdatamodel;
		};
/* End XCVersionGroup section */
	};
	rootObject = 423501CB24BCFA68004A8086 /* Project object */;
}
